
Microsoft Visual Studio Solution File, Format Version 12.00
# Visual Studio 2012
Project("{FAE04EC0-301F-11D3-BF4B-00C04F79EFBC}") = "HelloWorld", "HelloWorld\HelloWorld.csproj", "{AC4C891C-CD4F-49F3-81D3-3A5F69476FE3}"
EndProject
Global
	GlobalSection(SolutionConfigurationPlatforms) = preSolution
		Debug|Any CPU = Debug|Any CPU
		Release|Any CPU = Release|Any CPU
	EndGlobalSection
	GlobalSection(ProjectConfigurationPlatforms) = postSolution
		{AC4C891C-CD4F-49F3-81D3-3A5F69476FE3}.Debug|Any CPU.ActiveCfg = Debug|Any CPU
		{AC4C891C-CD4F-49F3-81D3-3A5F69476FE3}.Debug|Any CPU.Build.0 = Debug|Any CPU
		{AC4C891C-CD4F-49F3-81D3-3A5F69476FE3}.Release|Any CPU.ActiveCfg = Release|Any CPU
		{AC4C891C-CD4F-49F3-81D3-3A5F69476FE3}.Release|Any CPU.Build.0 = Release|Any CPU
	EndGlobalSection
EndGlobal
